<?xml version="1.0" encoding="utf-8"?>
<Project ToolsVersion="4.0" xmlns="http://schemas.microsoft.com/developer/msbuild/2003">
  <ItemGroup>
    <Filter Include="Source Files">
      <UniqueIdentifier>{4FC737F1-C7A5-4376-A066-2A32D752A2FF}</UniqueIdentifier>
      <Extensions>cpp;c;cc;cxx;def;odl;idl;hpj;bat;asm;asmx</Extensions>
    </Filter>
    <Filter Include="Header Files">
      <UniqueIdentifier>{93995380-89BD-4b04-88EB-625FBE52EBFB}</UniqueIdentifier>
      <Extensions>h;hh;hpp;hxx;hm;inl;inc;xsd</Extensions>
    </Filter>
    <Filter Include="Resource Files">
      <UniqueIdentifier>{67DA6AB6-F800-4c08-8B7A-83BB121AAD01}</UniqueIdentifier>
      <Extensions>rc;ico;cur;bmp;dlg;rc2;rct;bin;rgs;gif;jpg;jpeg;jpe;resx;tiff;tif;png;wav;mfcribbon-ms</Extensions>
    </Filter>
  </ItemGroup>
  <ItemGroup>
    <Text Include="ReadMe.txt" />
  </ItemGroup>
  <ItemGroup>
    <ClInclude Include="Finger.h">
      <Filter>Header Files</Filter>
    </ClInclude>
    <ClInclude Include="FingerDlg.h">
      <Filter>Header Files</Filter>
    </ClInclude>
    <ClInclude Include="stdafx.h">
      <Filter>Header Files</Filter>
    </ClInclude>
    <ClInclude Include="targetver.h">
      <Filter>Header Files</Filter>
    </ClInclude>
    <ClInclude Include="Resource.h">
      <Filter>Header Files</Filter>
    </ClInclude>
    <ClInclude Include="CZKFPEngX.h">
      <Filter>Header Files</Filter>
    </ClInclude>
    <ClInclude Include="Login.h">
      <Filter>Header Files</Filter>
    </ClInclude>
    <ClInclude Include="RegistDlg.h">
      <Filter>Header Files</Filter>
    </ClInclude>
    <ClInclude Include="StudentMainDlg.h">
      <Filter>Header Files</Filter>
    </ClInclude>
    <ClInclude Include="fingerclass.h">
      <Filter>Header Files</Filter>
    </ClInclude>
    <ClInclude Include="zkfpengx1.h">
      <Filter>Header Files</Filter>
    </ClInclude>
    <ClInclude Include="ManagerDlg.h">
      <Filter>Header Files</Filter>
    </ClInclude>
  </ItemGroup>
  <ItemGroup>
    <ClCompile Include="Finger.cpp">
      <Filter>Source Files</Filter>
    </ClCompile>
    <ClCompile Include="FingerDlg.cpp">
      <Filter>Source Files</Filter>
    </ClCompile>
    <ClCompile Include="stdafx.cpp">
      <Filter>Source Files</Filter>
    </ClCompile>
    <ClCompile Include="CZKFPEngX.cpp">
      <Filter>Source Files</Filter>
    </ClCompile>
    <ClCompile Include="Login.cpp">
      <Filter>Source Files</Filter>
    </ClCompile>
    <ClCompile Include="RegistDlg.cpp">
      <Filter>Source Files</Filter>
    </ClCompile>
    <ClCompile Include="StudentMainDlg.cpp">
      <Filter>Source Files</Filter>
    </ClCompile>
    <ClCompile Include="zkfpengx1.cpp">
      <Filter>Source Files</Filter>
    </ClCompile>
    <ClCompile Include="ManagerDlg.cpp">
      <Filter>Source Files</Filter>
    </ClCompile>
  </ItemGroup>
  <ItemGroup>
    <ResourceCompile Include="Finger.rc">
      <Filter>Resource Files</Filter>
    </ResourceCompile>
  </ItemGroup>
  <ItemGroup>
    <None Include="res\Finger.rc2">
      <Filter>Resource Files</Filter>
    </None>
  </ItemGroup>
  <ItemGroup>
    <Image Include="res\Finger.ico">
      <Filter>Resource Files</Filter>
    </Image>
    <Image Include="res\bitmap1.bmp">
      <Filter>Resource Files</Filter>
    </Image>
    <Image Include="res\bitmap2.bmp">
      <Filter>Resource Files</Filter>
    </Image>
    <Image Include="C:\Users\小circle\Desktop\login_bg.bmp">
      <Filter>Resource Files</Filter>
    </Image>
    <Image Include="C:\Users\小circle\Desktop\welcome.bmp">
      <Filter>Resource Files</Filter>
    </Image>
    <Image Include="C:\Users\小circle\Desktop\bg.bmp">
      <Filter>Resource Files</Filter>
    </Image>
    <Image Include="resources\bg.bmp">
      <Filter>Resource Files</Filter>
    </Image>
    <Image Include="resources\login_bg.bmp">
      <Filter>Resource Files</Filter>
    </Image>
    <Image Include="resources\bitmap3.bmp">
      <Filter>Resource Files</Filter>
    </Image>
    <Image Include="..\login_bg.bmp">
      <Filter>Resource Files</Filter>
    </Image>
    <Image Include="..\zsh.bmp">
      <Filter>Resource Files</Filter>
    </Image>
    <Image Include="..\Alogin_bg.bmp">
      <Filter>Resource Files</Filter>
    </Image>
  </ItemGroup>
</Project>